
Microsoft Visual Studio Solution File, Format Version 12.00
# Visual Studio 14
VisualStudioVersion = 14.0.24720.0
MinimumVisualStudioVersion = 10.0.40219.1
Project("{FAE04EC0-301F-11D3-BF4B-00C04F79EFBC}") = "SSYM.OrgDsn.Common", "SSYM.OrgDsn.Common\SSYM.OrgDsn.Common.csproj", "{588A2A20-6AAE-4C6B-A5CC-F20268135B46}"
EndProject
Project("{FAE04EC0-301F-11D3-BF4B-00C04F79EFBC}") = "SSYM.OrgDsn.ViewModel", "SSYM.OrgDsn.ViewModel\SSYM.OrgDsn.ViewModel.csproj", "{4BE6BFAB-3AA9-4989-8EBF-B8AC41B5CF97}"
EndProject
Project("{FAE04EC0-301F-11D3-BF4B-00C04F79EFBC}") = "SSYM.OrgDsn.UI", "SSYM.OrgDsn.UI\SSYM.OrgDsn.UI.csproj", "{C33BBDF6-8A20-402F-9398-C99744AE6497}"
EndProject
Project("{FAE04EC0-301F-11D3-BF4B-00C04F79EFBC}") = "SSYM.OrgDsn.Model", "SSYM.OrgDsn.Model\SSYM.OrgDsn.Model.csproj", "{92E62AC0-7C62-4CE4-B8A3-EEC53F3C9905}"
EndProject
Project("{FAE04EC0-301F-11D3-BF4B-00C04F79EFBC}") = "SSYM.OrgDsn.Converter", "SSYM.OrgDsn.Converter\SSYM.OrgDsn.Converter.csproj", "{928C7805-AC75-41FB-87A7-CF4F89721395}"
EndProject
Project("{FAE04EC0-301F-11D3-BF4B-00C04F79EFBC}") = "SSYM.OrgDsn.Base", "SSYM.OrgDsn.Base\SSYM.OrgDsn.Base.csproj", "{724C3BC5-03E1-4289-A77B-1B08C74B7AA1}"
EndProject
Project("{F088123C-0E9E-452A-89E6-6BA2F21D5CAC}") = "ModelingProject1", "ModelingProject1\ModelingProject1.modelproj", "{A67A53B3-2F48-46E0-8341-53CDE960BB20}"
EndProject
Global
	GlobalSection(SolutionConfigurationPlatforms) = preSolution
		CD_ROM|Any CPU = CD_ROM|Any CPU
		Debug|Any CPU = Debug|Any CPU
		DVD-5|Any CPU = DVD-5|Any CPU
		Release|Any CPU = Release|Any CPU
		SingleImage|Any CPU = SingleImage|Any CPU
	EndGlobalSection
	GlobalSection(ProjectConfigurationPlatforms) = postSolution
		{588A2A20-6AAE-4C6B-A5CC-F20268135B46}.CD_ROM|Any CPU.ActiveCfg = Release|Any CPU
		{588A2A20-6AAE-4C6B-A5CC-F20268135B46}.CD_ROM|Any CPU.Build.0 = Release|Any CPU
		{588A2A20-6AAE-4C6B-A5CC-F20268135B46}.Debug|Any CPU.ActiveCfg = Debug|Any CPU
		{588A2A20-6AAE-4C6B-A5CC-F20268135B46}.Debug|Any CPU.Build.0 = Debug|Any CPU
		{588A2A20-6AAE-4C6B-A5CC-F20268135B46}.DVD-5|Any CPU.ActiveCfg = Debug|Any CPU
		{588A2A20-6AAE-4C6B-A5CC-F20268135B46}.DVD-5|Any CPU.Build.0 = Debug|Any CPU
		{588A2A20-6AAE-4C6B-A5CC-F20268135B46}.Release|Any CPU.ActiveCfg = Release|Any CPU
		{588A2A20-6AAE-4C6B-A5CC-F20268135B46}.Release|Any CPU.Build.0 = Release|Any CPU
		{588A2A20-6AAE-4C6B-A5CC-F20268135B46}.SingleImage|Any CPU.ActiveCfg = Release|Any CPU
		{588A2A20-6AAE-4C6B-A5CC-F20268135B46}.SingleImage|Any CPU.Build.0 = Release|Any CPU
		{4BE6BFAB-3AA9-4989-8EBF-B8AC41B5CF97}.CD_ROM|Any CPU.ActiveCfg = Release|Any CPU
		{4BE6BFAB-3AA9-4989-8EBF-B8AC41B5CF97}.CD_ROM|Any CPU.Build.0 = Release|Any CPU
		{4BE6BFAB-3AA9-4989-8EBF-B8AC41B5CF97}.Debug|Any CPU.ActiveCfg = Debug|Any CPU
		{4BE6BFAB-3AA9-4989-8EBF-B8AC41B5CF97}.Debug|Any CPU.Build.0 = Debug|Any CPU
		{4BE6BFAB-3AA9-4989-8EBF-B8AC41B5CF97}.DVD-5|Any CPU.ActiveCfg = Debug|Any CPU
		{4BE6BFAB-3AA9-4989-8EBF-B8AC41B5CF97}.DVD-5|Any CPU.Build.0 = Debug|Any CPU
		{4BE6BFAB-3AA9-4989-8EBF-B8AC41B5CF97}.Release|Any CPU.ActiveCfg = Release|Any CPU
		{4BE6BFAB-3AA9-4989-8EBF-B8AC41B5CF97}.Release|Any CPU.Build.0 = Release|Any CPU
		{4BE6BFAB-3AA9-4989-8EBF-B8AC41B5CF97}.SingleImage|Any CPU.ActiveCfg = Release|Any CPU
		{4BE6BFAB-3AA9-4989-8EBF-B8AC41B5CF97}.SingleImage|Any CPU.Build.0 = Release|Any CPU
		{C33BBDF6-8A20-402F-9398-C99744AE6497}.CD_ROM|Any CPU.ActiveCfg = Release|Any CPU
		{C33BBDF6-8A20-402F-9398-C99744AE6497}.CD_ROM|Any CPU.Build.0 = Release|Any CPU
		{C33BBDF6-8A20-402F-9398-C99744AE6497}.Debug|Any CPU.ActiveCfg = Debug|Any CPU
		{C33BBDF6-8A20-402F-9398-C99744AE6497}.Debug|Any CPU.Build.0 = Debug|Any CPU
		{C33BBDF6-8A20-402F-9398-C99744AE6497}.DVD-5|Any CPU.ActiveCfg = Debug|Any CPU
		{C33BBDF6-8A20-402F-9398-C99744AE6497}.DVD-5|Any CPU.Build.0 = Debug|Any CPU
		{C33BBDF6-8A20-402F-9398-C99744AE6497}.Release|Any CPU.ActiveCfg = Release|Any CPU
		{C33BBDF6-8A20-402F-9398-C99744AE6497}.Release|Any CPU.Build.0 = Release|Any CPU
		{C33BBDF6-8A20-402F-9398-C99744AE6497}.SingleImage|Any CPU.ActiveCfg = Release|Any CPU
		{C33BBDF6-8A20-402F-9398-C99744AE6497}.SingleImage|Any CPU.Build.0 = Release|Any CPU
		{92E62AC0-7C62-4CE4-B8A3-EEC53F3C9905}.CD_ROM|Any CPU.ActiveCfg = Release|Any CPU
		{92E62AC0-7C62-4CE4-B8A3-EEC53F3C9905}.CD_ROM|Any CPU.Build.0 = Release|Any CPU
		{92E62AC0-7C62-4CE4-B8A3-EEC53F3C9905}.Debug|Any CPU.ActiveCfg = Debug|Any CPU
		{92E62AC0-7C62-4CE4-B8A3-EEC53F3C9905}.Debug|Any CPU.Build.0 = Debug|Any CPU
		{92E62AC0-7C62-4CE4-B8A3-EEC53F3C9905}.DVD-5|Any CPU.ActiveCfg = Debug|Any CPU
		{92E62AC0-7C62-4CE4-B8A3-EEC53F3C9905}.DVD-5|Any CPU.Build.0 = Debug|Any CPU
		{92E62AC0-7C62-4CE4-B8A3-EEC53F3C9905}.Release|Any CPU.ActiveCfg = Release|Any CPU
		{92E62AC0-7C62-4CE4-B8A3-EEC53F3C9905}.Release|Any CPU.Build.0 = Release|Any CPU
		{92E62AC0-7C62-4CE4-B8A3-EEC53F3C9905}.SingleImage|Any CPU.ActiveCfg = Release|Any CPU
		{92E62AC0-7C62-4CE4-B8A3-EEC53F3C9905}.SingleImage|Any CPU.Build.0 = Release|Any CPU
		{928C7805-AC75-41FB-87A7-CF4F89721395}.CD_ROM|Any CPU.ActiveCfg = Release|Any CPU
		{928C7805-AC75-41FB-87A7-CF4F89721395}.CD_ROM|Any CPU.Build.0 = Release|Any CPU
		{928C7805-AC75-41FB-87A7-CF4F89721395}.Debug|Any CPU.ActiveCfg = Debug|Any CPU
		{928C7805-AC75-41FB-87A7-CF4F89721395}.Debug|Any CPU.Build.0 = Debug|Any CPU
		{928C7805-AC75-41FB-87A7-CF4F89721395}.DVD-5|Any CPU.ActiveCfg = Debug|Any CPU
		{928C7805-AC75-41FB-87A7-CF4F89721395}.DVD-5|Any CPU.Build.0 = Debug|Any CPU
		{928C7805-AC75-41FB-87A7-CF4F89721395}.Release|Any CPU.ActiveCfg = Release|Any CPU
		{928C7805-AC75-41FB-87A7-CF4F89721395}.Release|Any CPU.Build.0 = Release|Any CPU
		{928C7805-AC75-41FB-87A7-CF4F89721395}.SingleImage|Any CPU.ActiveCfg = Release|Any CPU
		{928C7805-AC75-41FB-87A7-CF4F89721395}.SingleImage|Any CPU.Build.0 = Release|Any CPU
		{724C3BC5-03E1-4289-A77B-1B08C74B7AA1}.CD_ROM|Any CPU.ActiveCfg = Release|Any CPU
		{724C3BC5-03E1-4289-A77B-1B08C74B7AA1}.CD_ROM|Any CPU.Build.0 = Release|Any CPU
		{724C3BC5-03E1-4289-A77B-1B08C74B7AA1}.Debug|Any CPU.ActiveCfg = Debug|Any CPU
		{724C3BC5-03E1-4289-A77B-1B08C74B7AA1}.Debug|Any CPU.Build.0 = Debug|Any CPU
		{724C3BC5-03E1-4289-A77B-1B08C74B7AA1}.DVD-5|Any CPU.ActiveCfg = Debug|Any CPU
		{724C3BC5-03E1-4289-A77B-1B08C74B7AA1}.DVD-5|Any CPU.Build.0 = Debug|Any CPU
		{724C3BC5-03E1-4289-A77B-1B08C74B7AA1}.Release|Any CPU.ActiveCfg = Release|Any CPU
		{724C3BC5-03E1-4289-A77B-1B08C74B7AA1}.Release|Any CPU.Build.0 = Release|Any CPU
		{724C3BC5-03E1-4289-A77B-1B08C74B7AA1}.SingleImage|Any CPU.ActiveCfg = Release|Any CPU
		{724C3BC5-03E1-4289-A77B-1B08C74B7AA1}.SingleImage|Any CPU.Build.0 = Release|Any CPU
		{A67A53B3-2F48-46E0-8341-53CDE960BB20}.CD_ROM|Any CPU.ActiveCfg = Release|Any CPU
		{A67A53B3-2F48-46E0-8341-53CDE960BB20}.CD_ROM|Any CPU.Build.0 = Release|Any CPU
		{A67A53B3-2F48-46E0-8341-53CDE960BB20}.Debug|Any CPU.ActiveCfg = Debug|Any CPU
		{A67A53B3-2F48-46E0-8341-53CDE960BB20}.Debug|Any CPU.Build.0 = Debug|Any CPU
		{A67A53B3-2F48-46E0-8341-53CDE960BB20}.DVD-5|Any CPU.ActiveCfg = Debug|Any CPU
		{A67A53B3-2F48-46E0-8341-53CDE960BB20}.DVD-5|Any CPU.Build.0 = Debug|Any CPU
		{A67A53B3-2F48-46E0-8341-53CDE960BB20}.Release|Any CPU.ActiveCfg = Release|Any CPU
		{A67A53B3-2F48-46E0-8341-53CDE960BB20}.Release|Any CPU.Build.0 = Release|Any CPU
		{A67A53B3-2F48-46E0-8341-53CDE960BB20}.SingleImage|Any CPU.ActiveCfg = Release|Any CPU
		{A67A53B3-2F48-46E0-8341-53CDE960BB20}.SingleImage|Any CPU.Build.0 = Release|Any CPU
	EndGlobalSection
	GlobalSection(SolutionProperties) = preSolution
		HideSolutionNode = FALSE
	EndGlobalSection
EndGlobal
